
Microsoft Visual Studio Solution File, Format Version 12.00
# Visual Studio 15
VisualStudioVersion = 15.0.26730.12
MinimumVisualStudioVersion = 10.0.40219.1
Project("{9A19103F-16F7-4668-BE54-9A1E7A4F7556}") = "IsomorphicSpa", "src\IsomorphicSpa.csproj", "{BD6BB0F2-70F9-4904-BBAB-BA5B449E7A01}"
EndProject
Project("{2150E333-8FDC-42A3-9474-1A3956D46DE8}") = "tests", "tests", "{D5154BC8-0016-4D91-ABFA-1D042ED38B09}"
EndProject
Project("{FAE04EC0-301F-11D3-BF4B-00C04F79EFBC}") = "IsomorphicSpaUnitTests", "tests\IsomorphicSpaUnitTests\IsomorphicSpaUnitTests.csproj", "{F1A2E43E-80BC-4E95-9941-62E8918F8745}"
EndProject
Global
	GlobalSection(SolutionConfigurationPlatforms) = preSolution
		Debug|Any CPU = Debug|Any CPU
		Release|Any CPU = Release|Any CPU
	EndGlobalSection
	GlobalSection(ProjectConfigurationPlatforms) = postSolution
		{BD6BB0F2-70F9-4904-BBAB-BA5B449E7A01}.Debug|Any CPU.ActiveCfg = Debug|Any CPU
		{BD6BB0F2-70F9-4904-BBAB-BA5B449E7A01}.Debug|Any CPU.Build.0 = Debug|Any CPU
		{BD6BB0F2-70F9-4904-BBAB-BA5B449E7A01}.Release|Any CPU.ActiveCfg = Release|Any CPU
		{BD6BB0F2-70F9-4904-BBAB-BA5B449E7A01}.Release|Any CPU.Build.0 = Release|Any CPU
		{F1A2E43E-80BC-4E95-9941-62E8918F8745}.Debug|Any CPU.ActiveCfg = Debug|Any CPU
		{F1A2E43E-80BC-4E95-9941-62E8918F8745}.Debug|Any CPU.Build.0 = Debug|Any CPU
		{F1A2E43E-80BC-4E95-9941-62E8918F8745}.Release|Any CPU.ActiveCfg = Release|Any CPU
		{F1A2E43E-80BC-4E95-9941-62E8918F8745}.Release|Any CPU.Build.0 = Release|Any CPU
	EndGlobalSection
	GlobalSection(SolutionProperties) = preSolution
		HideSolutionNode = FALSE
	EndGlobalSection
	GlobalSection(NestedProjects) = preSolution
		{F1A2E43E-80BC-4E95-9941-62E8918F8745} = {D5154BC8-0016-4D91-ABFA-1D042ED38B09}
	EndGlobalSection
	GlobalSection(ExtensibilityGlobals) = postSolution
		SolutionGuid = {3705FAC5-BBD2-48C0-B025-B7D73C4CC957}
	EndGlobalSection
EndGlobal
